
Microsoft Visual Studio Solution File, Format Version 12.00
# Visual Studio 15
VisualStudioVersion = 15.0.26124.0
MinimumVisualStudioVersion = 15.0.26124.0
Project("{2150E333-8FDC-42A3-9474-1A3956D46DE8}") = "src", "src", "{C7DA84FA-F165-49D1-BE59-3AC008883225}"
EndProject
Project("{FAE04EC0-301F-11D3-BF4B-00C04F79EFBC}") = "Sample", "src\Sample\Sample.csproj", "{D78D6B45-7F6A-45D7-A4EE-188BD50A5B92}"
EndProject
Project("{FAE04EC0-301F-11D3-BF4B-00C04F79EFBC}") = "BlazorConfirm", "src\BlazorConfirm\BlazorConfirm.csproj", "{845EBB8B-4A87-443A-A595-10E63912A130}"
EndProject
Global
	GlobalSection(SolutionConfigurationPlatforms) = preSolution
		Debug|Any CPU = Debug|Any CPU
		Debug|x64 = Debug|x64
		Debug|x86 = Debug|x86
		Release|Any CPU = Release|Any CPU
		Release|x64 = Release|x64
		Release|x86 = Release|x86
	EndGlobalSection
	GlobalSection(SolutionProperties) = preSolution
		HideSolutionNode = FALSE
	EndGlobalSection
	GlobalSection(ProjectConfigurationPlatforms) = postSolution
		{D78D6B45-7F6A-45D7-A4EE-188BD50A5B92}.Debug|Any CPU.ActiveCfg = Debug|Any CPU
		{D78D6B45-7F6A-45D7-A4EE-188BD50A5B92}.Debug|Any CPU.Build.0 = Debug|Any CPU
		{D78D6B45-7F6A-45D7-A4EE-188BD50A5B92}.Debug|x64.ActiveCfg = Debug|Any CPU
		{D78D6B45-7F6A-45D7-A4EE-188BD50A5B92}.Debug|x64.Build.0 = Debug|Any CPU
		{D78D6B45-7F6A-45D7-A4EE-188BD50A5B92}.Debug|x86.ActiveCfg = Debug|Any CPU
		{D78D6B45-7F6A-45D7-A4EE-188BD50A5B92}.Debug|x86.Build.0 = Debug|Any CPU
		{D78D6B45-7F6A-45D7-A4EE-188BD50A5B92}.Release|Any CPU.ActiveCfg = Release|Any CPU
		{D78D6B45-7F6A-45D7-A4EE-188BD50A5B92}.Release|Any CPU.Build.0 = Release|Any CPU
		{D78D6B45-7F6A-45D7-A4EE-188BD50A5B92}.Release|x64.ActiveCfg = Release|Any CPU
		{D78D6B45-7F6A-45D7-A4EE-188BD50A5B92}.Release|x64.Build.0 = Release|Any CPU
		{D78D6B45-7F6A-45D7-A4EE-188BD50A5B92}.Release|x86.ActiveCfg = Release|Any CPU
		{D78D6B45-7F6A-45D7-A4EE-188BD50A5B92}.Release|x86.Build.0 = Release|Any CPU
		{845EBB8B-4A87-443A-A595-10E63912A130}.Debug|Any CPU.ActiveCfg = Debug|Any CPU
		{845EBB8B-4A87-443A-A595-10E63912A130}.Debug|Any CPU.Build.0 = Debug|Any CPU
		{845EBB8B-4A87-443A-A595-10E63912A130}.Debug|x64.ActiveCfg = Debug|Any CPU
		{845EBB8B-4A87-443A-A595-10E63912A130}.Debug|x64.Build.0 = Debug|Any CPU
		{845EBB8B-4A87-443A-A595-10E63912A130}.Debug|x86.ActiveCfg = Debug|Any CPU
		{845EBB8B-4A87-443A-A595-10E63912A130}.Debug|x86.Build.0 = Debug|Any CPU
		{845EBB8B-4A87-443A-A595-10E63912A130}.Release|Any CPU.ActiveCfg = Release|Any CPU
		{845EBB8B-4A87-443A-A595-10E63912A130}.Release|Any CPU.Build.0 = Release|Any CPU
		{845EBB8B-4A87-443A-A595-10E63912A130}.Release|x64.ActiveCfg = Release|Any CPU
		{845EBB8B-4A87-443A-A595-10E63912A130}.Release|x64.Build.0 = Release|Any CPU
		{845EBB8B-4A87-443A-A595-10E63912A130}.Release|x86.ActiveCfg = Release|Any CPU
		{845EBB8B-4A87-443A-A595-10E63912A130}.Release|x86.Build.0 = Release|Any CPU
	EndGlobalSection
	GlobalSection(NestedProjects) = preSolution
		{D78D6B45-7F6A-45D7-A4EE-188BD50A5B92} = {C7DA84FA-F165-49D1-BE59-3AC008883225}
		{845EBB8B-4A87-443A-A595-10E63912A130} = {C7DA84FA-F165-49D1-BE59-3AC008883225}
	EndGlobalSection
EndGlobal
